%{
  "circuits_uart": {:hex, :circuits_uart, "1.5.3", "fb8e9cb8dcdcb987497b889d9bb51ee2932486afdf9961da2c3c699598da02d3", [:mix], [{:elixir_make, "~> 0.6", [hex: :elixir_make, repo: "hexpm", optional: false]}], "hexpm", "9bd14660cc9f2c29500012f1772130e00b7edca27e2052d20360750185fc5d0f"},
  "elixir_make": {:hex, :elixir_make, "0.9.0", "6484b3cd8c0cee58f09f05ecaf1a140a8c97670671a6a0e7ab4dc326c3109726", [:mix], [], "hexpm", "db23d4fd8b757462ad02f8aa73431a426fe6671c80b200d9710caf3d1dd0ffdb"},
}
